Microsoft Visual Studio Solution File, Format Version 12.00
# Visual Studio Version 17
VisualStudioVersion = 17.13.35507.96
MinimumVisualStudioVersion = 10.0.40219.1
Project("{FAE04EC0-301F-11D3-BF4B-00C04F79EFBC}") = "FauxCore", "FauxCore\FauxCore.csproj", "{5784D6AB-FF16-47B4-82B1-BADABCE34DCC}"
EndProject
Project("{2150E333-8FDC-42A3-9474-1A3956D46DE8}") = "Solution Items", "Solution Items", "{02EA681E-C7D8-13C7-8484-4AC65E1B71E8}"
	ProjectSection(SolutionItems) = preProject
		.editorconfig = .editorconfig
		.gitignore = .gitignore
		.gitmodules = .gitmodules
	EndProjectSection
EndProject
Project("{FAE04EC0-301F-11D3-BF4B-00C04F79EFBC}") = "GenericModConfigMenu", "CaseyMods\GenericModConfigMenu\GenericModConfigMenu.csproj", "{2E541D9D-F4F8-9C78-2C0C-2F56D68085F5}"
EndProject
Project("{FAE04EC0-301F-11D3-BF4B-00C04F79EFBC}") = "RadialMenuApiTestMod", "StardewRadialMenu\RadialMenuApiTestMod\RadialMenuApiTestMod.csproj", "{31F8EC48-C094-3985-9143-81F6BB37193F}"
EndProject
Project("{FAE04EC0-301F-11D3-BF4B-00C04F79EFBC}") = "StardewUI.Framework", "StardewUI\Framework\StardewUI.Framework.csproj", "{15B64C54-9500-5356-A7E3-0CCF8A614E98}"
EndProject
Global
	GlobalSection(SolutionConfigurationPlatforms) = preSolution
		Debug|Any CPU = Debug|Any CPU
		Release|Any CPU = Release|Any CPU
	EndGlobalSection
	GlobalSection(ProjectConfigurationPlatforms) = postSolution
		{5784D6AB-FF16-47B4-82B1-BADABCE34DCC}.Debug|Any CPU.ActiveCfg = Debug|Any CPU
		{5784D6AB-FF16-47B4-82B1-BADABCE34DCC}.Debug|Any CPU.Build.0 = Debug|Any CPU
		{5784D6AB-FF16-47B4-82B1-BADABCE34DCC}.Release|Any CPU.ActiveCfg = Release|Any CPU
		{5784D6AB-FF16-47B4-82B1-BADABCE34DCC}.Release|Any CPU.Build.0 = Release|Any CPU
		{2E541D9D-F4F8-9C78-2C0C-2F56D68085F5}.Debug|Any CPU.ActiveCfg = Debug|Any CPU
		{2E541D9D-F4F8-9C78-2C0C-2F56D68085F5}.Release|Any CPU.ActiveCfg = Release|Any CPU
		{2E541D9D-F4F8-9C78-2C0C-2F56D68085F5}.Release|Any CPU.Build.0 = Release|Any CPU
		{31F8EC48-C094-3985-9143-81F6BB37193F}.Debug|Any CPU.ActiveCfg = Debug|Any CPU
		{31F8EC48-C094-3985-9143-81F6BB37193F}.Release|Any CPU.ActiveCfg = Release|Any CPU
		{31F8EC48-C094-3985-9143-81F6BB37193F}.Release|Any CPU.Build.0 = Release|Any CPU
		{15B64C54-9500-5356-A7E3-0CCF8A614E98}.Debug|Any CPU.ActiveCfg = Debug|Any CPU
		{15B64C54-9500-5356-A7E3-0CCF8A614E98}.Release|Any CPU.ActiveCfg = Release|Any CPU
		{15B64C54-9500-5356-A7E3-0CCF8A614E98}.Release|Any CPU.Build.0 = Release|Any CPU
	EndGlobalSection
	GlobalSection(SolutionProperties) = preSolution
		HideSolutionNode = FALSE
	EndGlobalSection
	GlobalSection(ExtensibilityGlobals) = postSolution
		SolutionGuid = {1E1D8490-3A68-47FD-BF76-B6651813AF7C}
	EndGlobalSection
	GlobalSection(SharedMSBuildProjectFiles) = preSolution
		StardewUI\Core\StardewUI.projitems*{15b64c54-9500-5356-a7e3-0ccf8a614e98}*SharedItemsImports = 5
		CaseyMods\SpaceShared\SpaceShared.projitems*{2e541d9d-f4f8-9c78-2c0c-2f56d68085f5}*SharedItemsImports = 5
	EndGlobalSection
EndGlobal
